
Microsoft Visual Studio Solution File, Format Version 12.00
# Visual Studio Version 17
VisualStudioVersion = 17.14.36203.30 d17.14
MinimumVisualStudioVersion = 10.0.40219.1
Project("{FAE04EC0-301F-11D3-BF4B-00C04F79EFBC}") = "AutoMapperMVC", "AutoMapperMVC\AutoMapperMVC.csproj", "{1464C4BE-B2C4-4AFB-BFC9-35048EED837A}"
EndProject
Global
	GlobalSection(SolutionConfigurationPlatforms) = preSolution
		Debug|Any CPU = Debug|Any CPU
		Release|Any CPU = Release|Any CPU
	EndGlobalSection
	GlobalSection(ProjectConfigurationPlatforms) = postSolution
		{1464C4BE-B2C4-4AFB-BFC9-35048EED837A}.Debug|Any CPU.ActiveCfg = Debug|Any CPU
		{1464C4BE-B2C4-4AFB-BFC9-35048EED837A}.Debug|Any CPU.Build.0 = Debug|Any CPU
		{1464C4BE-B2C4-4AFB-BFC9-35048EED837A}.Release|Any CPU.ActiveCfg = Release|Any CPU
		{1464C4BE-B2C4-4AFB-BFC9-35048EED837A}.Release|Any CPU.Build.0 = Release|Any CPU
	EndGlobalSection
	GlobalSection(SolutionProperties) = preSolution
		HideSolutionNode = FALSE
	EndGlobalSection
	GlobalSection(ExtensibilityGlobals) = postSolution
		SolutionGuid = {4B8A844A-7CD0-426A-AD8C-0C022A559D7E}
	EndGlobalSection
EndGlobal
