
Microsoft Visual Studio Solution File, Format Version 12.00
# Visual Studio Version 17
VisualStudioVersion = 17.14.36203.30 d17.14
MinimumVisualStudioVersion = 10.0.40219.1
Project("{FAE04EC0-301F-11D3-BF4B-00C04F79EFBC}") = "testapp", "testapp\testapp.csproj", "{958703F4-C370-42B9-AB49-B9F4059B046E}"
EndProject
Global
	GlobalSection(SolutionConfigurationPlatforms) = preSolution
		Debug|Any CPU = Debug|Any CPU
		Release|Any CPU = Release|Any CPU
	EndGlobalSection
	GlobalSection(ProjectConfigurationPlatforms) = postSolution
		{958703F4-C370-42B9-AB49-B9F4059B046E}.Debug|Any CPU.ActiveCfg = Debug|Any CPU
		{958703F4-C370-42B9-AB49-B9F4059B046E}.Debug|Any CPU.Build.0 = Debug|Any CPU
		{958703F4-C370-42B9-AB49-B9F4059B046E}.Release|Any CPU.ActiveCfg = Release|Any CPU
		{958703F4-C370-42B9-AB49-B9F4059B046E}.Release|Any CPU.Build.0 = Release|Any CPU
	EndGlobalSection
	GlobalSection(SolutionProperties) = preSolution
		HideSolutionNode = FALSE
	EndGlobalSection
	GlobalSection(ExtensibilityGlobals) = postSolution
		SolutionGuid = {83E2F597-79C0-4A87-93B4-235774AEA4BB}
	EndGlobalSection
EndGlobal
