
Microsoft Visual Studio Solution File, Format Version 12.00
# Visual Studio Version 17
VisualStudioVersion = 17.14.36203.30 d17.14
MinimumVisualStudioVersion = 10.0.40219.1
Project("{FAE04EC0-301F-11D3-BF4B-00C04F79EFBC}") = "ADO.NETtodoApp", "ADO.NETtodoApp\ADO.NETtodoApp.csproj", "{C0E77678-6FE7-4A84-AA63-101BC7B1AA75}"
EndProject
Global
	GlobalSection(SolutionConfigurationPlatforms) = preSolution
		Debug|Any CPU = Debug|Any CPU
		Release|Any CPU = Release|Any CPU
	EndGlobalSection
	GlobalSection(ProjectConfigurationPlatforms) = postSolution
		{C0E77678-6FE7-4A84-AA63-101BC7B1AA75}.Debug|Any CPU.ActiveCfg = Debug|Any CPU
		{C0E77678-6FE7-4A84-AA63-101BC7B1AA75}.Debug|Any CPU.Build.0 = Debug|Any CPU
		{C0E77678-6FE7-4A84-AA63-101BC7B1AA75}.Release|Any CPU.ActiveCfg = Release|Any CPU
		{C0E77678-6FE7-4A84-AA63-101BC7B1AA75}.Release|Any CPU.Build.0 = Release|Any CPU
	EndGlobalSection
	GlobalSection(SolutionProperties) = preSolution
		HideSolutionNode = FALSE
	EndGlobalSection
	GlobalSection(ExtensibilityGlobals) = postSolution
		SolutionGuid = {6B50E322-4BF7-4B7E-ABFD-151A709656B0}
	EndGlobalSection
EndGlobal
